
Microsoft Visual Studio Solution File, Format Version 12.00
# Visual Studio Version 16
VisualStudioVersion = 16.0.31205.134
MinimumVisualStudioVersion = 10.0.40219.1
Project("{9A19103F-16F7-4668-BE54-9A1E7A4F7556}") = "Tools", "Tools\Tools.csproj", "{40B046EF-73C6-436F-B68B-8F76FF5EACD7}"
EndProject
Global
	GlobalSection(SolutionConfigurationPlatforms) = preSolution
		Debug|Any CPU = Debug|Any CPU
		Release|Any CPU = Release|Any CPU
	EndGlobalSection
	GlobalSection(ProjectConfigurationPlatforms) = postSolution
		{40B046EF-73C6-436F-B68B-8F76FF5EACD7}.Debug|Any CPU.ActiveCfg = Debug|Any CPU
		{40B046EF-73C6-436F-B68B-8F76FF5EACD7}.Debug|Any CPU.Build.0 = Debug|Any CPU
		{40B046EF-73C6-436F-B68B-8F76FF5EACD7}.Release|Any CPU.ActiveCfg = Release|Any CPU
		{40B046EF-73C6-436F-B68B-8F76FF5EACD7}.Release|Any CPU.Build.0 = Release|Any CPU
	EndGlobalSection
	GlobalSection(SolutionProperties) = preSolution
		HideSolutionNode = FALSE
	EndGlobalSection
	GlobalSection(ExtensibilityGlobals) = postSolution
		SolutionGuid = {A2DD0B22-32CD-412E-AA0A-0CC4342F27D2}
	EndGlobalSection
EndGlobal
